
Microsoft Visual Studio Solution File, Format Version 12.00
# Visual Studio 15
Project("{FAE04EC0-301F-11D3-BF4B-00C04F79EFBC}") = "UnityEngine.UI", "UnityEngine.UI.csproj", "{E27ABFA2-1400-B61D-83AE-ACD6E1884338}"
EndProject
Project("{FAE04EC0-301F-11D3-BF4B-00C04F79EFBC}") = "UnityEngine.SpatialTracking", "UnityEngine.SpatialTracking.csproj", "{ECD7C2AA-8948-BCE3-A5F2-06BF73FC128A}"
EndProject
Project("{FAE04EC0-301F-11D3-BF4B-00C04F79EFBC}") = "Oculus.Platform", "Oculus.Platform.csproj", "{280002D7-A0F5-F27B-AD30-DC6A63DCF92E}"
EndProject
Project("{FAE04EC0-301F-11D3-BF4B-00C04F79EFBC}") = "Unity.RenderPipelines.Core.Runtime", "Unity.RenderPipelines.Core.Runtime.csproj", "{574A339C-52C5-E80D-2B4A-1009C380C344}"
EndProject
Project("{FAE04EC0-301F-11D3-BF4B-00C04F79EFBC}") = "Assembly-CSharp", "Assembly-CSharp.csproj", "{01520001-A935-64BE-1A09-F039992C73C1}"
EndProject
Project("{FAE04EC0-301F-11D3-BF4B-00C04F79EFBC}") = "UnityEngine.TestRunner", "UnityEngine.TestRunner.csproj", "{FA21EEB6-72C6-ED98-DE7B-753F6A390C42}"
EndProject
Project("{FAE04EC0-301F-11D3-BF4B-00C04F79EFBC}") = "Unity.XR.WindowsMixedReality", "Unity.XR.WindowsMixedReality.csproj", "{CEFB5032-A376-237A-DB30-1E09BB92BDCE}"
EndProject
Project("{FAE04EC0-301F-11D3-BF4B-00C04F79EFBC}") = "Unity.Mathematics", "Unity.Mathematics.csproj", "{FC3F36C6-9DBC-8CC2-E659-1B78EDBB94A9}"
EndProject
Project("{FAE04EC0-301F-11D3-BF4B-00C04F79EFBC}") = "Unity.InputSystem", "Unity.InputSystem.csproj", "{E0BEF861-9C66-FADA-C927-5F9293E03BD9}"
EndProject
Project("{FAE04EC0-301F-11D3-BF4B-00C04F79EFBC}") = "Unity.XR.ARSubsystems", "Unity.XR.ARSubsystems.csproj", "{40D55898-3F31-A846-0966-6F0864D77890}"
EndProject
Project("{FAE04EC0-301F-11D3-BF4B-00C04F79EFBC}") = "Oculus.Spatializer", "Oculus.Spatializer.csproj", "{34F7D382-5BDC-D595-2080-47B336D2B5C8}"
EndProject
Project("{FAE04EC0-301F-11D3-BF4B-00C04F79EFBC}") = "Unity.RenderPipelines.Universal.Runtime", "Unity.RenderPipelines.Universal.Runtime.csproj", "{1751B50A-68C4-306C-6EE4-8AC010ACC6DB}"
EndProject
Project("{FAE04EC0-301F-11D3-BF4B-00C04F79EFBC}") = "UnityEngine.XR.LegacyInputHelpers", "UnityEngine.XR.LegacyInputHelpers.csproj", "{4D7A7B11-CD42-7C23-0DEF-D34E105E1F92}"
EndProject
Project("{FAE04EC0-301F-11D3-BF4B-00C04F79EFBC}") = "Unity.XR.Oculus", "Unity.XR.Oculus.csproj", "{A794303E-0DA7-4205-1546-A4733DFEE871}"
EndProject
Project("{FAE04EC0-301F-11D3-BF4B-00C04F79EFBC}") = "Unity.XR.Interaction.Toolkit", "Unity.XR.Interaction.Toolkit.csproj", "{35547524-7CD6-006B-73BC-413137AA5F18}"
EndProject
Project("{FAE04EC0-301F-11D3-BF4B-00C04F79EFBC}") = "Unity.TextMeshPro", "Unity.TextMeshPro.csproj", "{1CFB3C99-4500-C1DE-FDBD-7EFB6E9339AF}"
EndProject
Project("{FAE04EC0-301F-11D3-BF4B-00C04F79EFBC}") = "Unity.ProBuilder.Poly2Tri", "Unity.ProBuilder.Poly2Tri.csproj", "{DB7FBA68-B93D-7944-19CB-64638DBC342D}"
EndProject
Project("{FAE04EC0-301F-11D3-BF4B-00C04F79EFBC}") = "Unity.Timeline", "Unity.Timeline.csproj", "{1517FC99-A093-9A36-3543-F656BA822C4C}"
EndProject
Project("{FAE04EC0-301F-11D3-BF4B-00C04F79EFBC}") = "Oculus.VR", "Oculus.VR.csproj", "{82E15B05-0CAC-4D90-330C-77AF120B26E9}"
EndProject
Project("{FAE04EC0-301F-11D3-BF4B-00C04F79EFBC}") = "Unity.ProBuilder", "Unity.ProBuilder.csproj", "{4E50031C-2EB5-45FA-DEBA-BBB36E6F8BE2}"
EndProject
Project("{FAE04EC0-301F-11D3-BF4B-00C04F79EFBC}") = "Unity.XR.OpenXR", "Unity.XR.OpenXR.csproj", "{2F9C02AC-B05B-8B03-DAB9-9B67EDBF4514}"
EndProject
Project("{FAE04EC0-301F-11D3-BF4B-00C04F79EFBC}") = "Oculus.AudioManager", "Oculus.AudioManager.csproj", "{80C9E87C-3AE3-4139-7494-EB4603247C7D}"
EndProject
Project("{FAE04EC0-301F-11D3-BF4B-00C04F79EFBC}") = "Unity.ProGrids", "Unity.ProGrids.csproj", "{FAC78420-4753-66CB-E678-34DD871899B0}"
EndProject
Project("{FAE04EC0-301F-11D3-BF4B-00C04F79EFBC}") = "Unity.ProBuilder.Csg", "Unity.ProBuilder.Csg.csproj", "{FD77A703-62C6-5A16-CEA2-0A23E84F73CC}"
EndProject
Project("{FAE04EC0-301F-11D3-BF4B-00C04F79EFBC}") = "Unity.XR.OpenXR.Features.MockDriver", "Unity.XR.OpenXR.Features.MockDriver.csproj", "{6D9ADB06-2745-FDC9-67DB-1D01CD657A26}"
EndProject
Project("{FAE04EC0-301F-11D3-BF4B-00C04F79EFBC}") = "Unity.XR.Management", "Unity.XR.Management.csproj", "{88F77B90-A8F0-34D4-4A9D-7885D3BCD953}"
EndProject
Project("{FAE04EC0-301F-11D3-BF4B-00C04F79EFBC}") = "Oculus.LipSync", "Oculus.LipSync.csproj", "{A61A4EE7-A491-0868-F6B5-BA0C883EC513}"
EndProject
Project("{FAE04EC0-301F-11D3-BF4B-00C04F79EFBC}") = "Unity.RenderPipeline.Universal.ShaderLibrary", "Unity.RenderPipeline.Universal.ShaderLibrary.csproj", "{7D529311-F0D6-5874-B46F-3E543052E6B4}"
EndProject
Project("{FAE04EC0-301F-11D3-BF4B-00C04F79EFBC}") = "Unity.XR.InteractionSubsystems", "Unity.XR.InteractionSubsystems.csproj", "{BCAE57A6-6122-D416-BF15-C64C8FAA6A98}"
EndProject
Project("{FAE04EC0-301F-11D3-BF4B-00C04F79EFBC}") = "Unity.ProBuilder.KdTree", "Unity.ProBuilder.KdTree.csproj", "{9ECE061A-2547-A6EF-963E-973DBA071A83}"
EndProject
Project("{FAE04EC0-301F-11D3-BF4B-00C04F79EFBC}") = "Unity.RenderPipelines.Core.ShaderLibrary", "Unity.RenderPipelines.Core.ShaderLibrary.csproj", "{80C99F22-5D3A-1712-EAB4-48764CF57DC3}"
EndProject
Project("{FAE04EC0-301F-11D3-BF4B-00C04F79EFBC}") = "Unity.XR.OpenXR.Features.RuntimeDebugger", "Unity.XR.OpenXR.Features.RuntimeDebugger.csproj", "{D175CD26-C852-347A-A2FC-C79B0F110BC3}"
EndProject
Project("{FAE04EC0-301F-11D3-BF4B-00C04F79EFBC}") = "Unity.XR.OpenXR.Features.ConformanceAutomation", "Unity.XR.OpenXR.Features.ConformanceAutomation.csproj", "{541AC48C-50F8-C748-50E5-2D3857B3DB7C}"
EndProject
Project("{FAE04EC0-301F-11D3-BF4B-00C04F79EFBC}") = "Unity.XR.OpenXR.TestHelpers", "Unity.XR.OpenXR.TestHelpers.csproj", "{0514BDF9-C27A-3156-6479-B1136CB7053A}"
EndProject
Project("{FAE04EC0-301F-11D3-BF4B-00C04F79EFBC}") = "Unity.ProBuilder.Stl", "Unity.ProBuilder.Stl.csproj", "{E821AF2D-9F03-C14B-8810-FED48A98BB16}"
EndProject
Project("{FAE04EC0-301F-11D3-BF4B-00C04F79EFBC}") = "Unity.XR.OpenXR.Features.MockRuntime", "Unity.XR.OpenXR.Features.MockRuntime.csproj", "{F58FAA19-D9B2-3C6E-50FD-207F8739C0A9}"
EndProject
Project("{FAE04EC0-301F-11D3-BF4B-00C04F79EFBC}") = "Unity.Subsystem.Registration", "Unity.Subsystem.Registration.csproj", "{3DDFA92A-E2BE-BE12-4B81-108DD8547BA4}"
EndProject
Project("{FAE04EC0-301F-11D3-BF4B-00C04F79EFBC}") = "Unity.RenderPipelines.Universal.Shaders", "Unity.RenderPipelines.Universal.Shaders.csproj", "{5ED9CDA5-2C7C-12DB-FB84-8F6EB9A2FDC4}"
EndProject
Project("{FAE04EC0-301F-11D3-BF4B-00C04F79EFBC}") = "Unity.RenderPipelines.ShaderGraph.ShaderGraphLibrary", "Unity.RenderPipelines.ShaderGraph.ShaderGraphLibrary.csproj", "{61CC2C09-ACB3-E8BA-2F39-B98EFECFABE2}"
EndProject
Project("{FAE04EC0-301F-11D3-BF4B-00C04F79EFBC}") = "Unity.XR.OpenXR.Features.OculusQuestSupport", "Unity.XR.OpenXR.Features.OculusQuestSupport.csproj", "{225D3665-9111-300D-E295-200A87670510}"
EndProject
Project("{FAE04EC0-301F-11D3-BF4B-00C04F79EFBC}") = "Unity.PlasticSCM.Editor", "Unity.PlasticSCM.Editor.csproj", "{3A710C67-BD35-3FD4-C4C0-C83308CB940A}"
EndProject
Project("{FAE04EC0-301F-11D3-BF4B-00C04F79EFBC}") = "Unity.XR.OpenXR.Editor", "Unity.XR.OpenXR.Editor.csproj", "{30CAE229-4690-4924-742D-F65626683C6C}"
EndProject
Project("{FAE04EC0-301F-11D3-BF4B-00C04F79EFBC}") = "Unity.ShaderGraph.Editor", "Unity.ShaderGraph.Editor.csproj", "{06927CCE-FB62-00CD-145B-76A3BB76F210}"
EndProject
Project("{FAE04EC0-301F-11D3-BF4B-00C04F79EFBC}") = "Unity.VisualStudio.Editor", "Unity.VisualStudio.Editor.csproj", "{85EB1D15-A899-8315-27DC-94148DB33E7E}"
EndProject
Project("{FAE04EC0-301F-11D3-BF4B-00C04F79EFBC}") = "Unity.ProBuilder.Editor", "Unity.ProBuilder.Editor.csproj", "{CAC7BB2D-AE43-A276-86CA-533CF7C7035F}"
EndProject
Project("{FAE04EC0-301F-11D3-BF4B-00C04F79EFBC}") = "Unity.Timeline.Editor", "Unity.Timeline.Editor.csproj", "{1A15A48E-ABEE-5BCF-1B3A-1A76CFDA5E11}"
EndProject
Project("{FAE04EC0-301F-11D3-BF4B-00C04F79EFBC}") = "Unity.XR.Interaction.Toolkit.Editor", "Unity.XR.Interaction.Toolkit.Editor.csproj", "{CF22297A-7023-4D4A-2296-26FE75C42B51}"
EndProject
Project("{FAE04EC0-301F-11D3-BF4B-00C04F79EFBC}") = "Unity.TextMeshPro.Editor", "Unity.TextMeshPro.Editor.csproj", "{3E81FC65-B0D1-698D-3004-8BBE7465B3AB}"
EndProject
Project("{FAE04EC0-301F-11D3-BF4B-00C04F79EFBC}") = "Unity.CollabProxy.Editor", "Unity.CollabProxy.Editor.csproj", "{656D7109-9048-7CA6-42C5-CB8FD68A5C36}"
EndProject
Project("{FAE04EC0-301F-11D3-BF4B-00C04F79EFBC}") = "UnityEditor.TestRunner", "UnityEditor.TestRunner.csproj", "{21F2922F-BFD8-D429-41D4-7C7EEE830B25}"
EndProject
Project("{FAE04EC0-301F-11D3-BF4B-00C04F79EFBC}") = "Unity.Rider.Editor", "Unity.Rider.Editor.csproj", "{E6F359FC-EBD1-1E1D-A12F-6655800BA766}"
EndProject
Project("{FAE04EC0-301F-11D3-BF4B-00C04F79EFBC}") = "Unity.RenderPipelines.Universal.Editor", "Unity.RenderPipelines.Universal.Editor.csproj", "{0B05E9B5-936B-6779-1ECE-56E1F59E12C2}"
EndProject
Project("{FAE04EC0-301F-11D3-BF4B-00C04F79EFBC}") = "Unity.ProGrids.Editor", "Unity.ProGrids.Editor.csproj", "{D9942B69-5417-A6CF-CF81-49E315D3FDEF}"
EndProject
Project("{FAE04EC0-301F-11D3-BF4B-00C04F79EFBC}") = "Unity.RenderPipelines.Core.Editor", "Unity.RenderPipelines.Core.Editor.csproj", "{28C3D5C0-938C-DEA7-7C98-D70EE973821D}"
EndProject
Project("{FAE04EC0-301F-11D3-BF4B-00C04F79EFBC}") = "Oculus.Spatializer.Editor", "Oculus.Spatializer.Editor.csproj", "{76C212CB-BF67-B4D9-73C1-B366C0EA311C}"
EndProject
Project("{FAE04EC0-301F-11D3-BF4B-00C04F79EFBC}") = "Unity.Searcher.Editor", "Unity.Searcher.Editor.csproj", "{7D48DC7F-5CF8-8895-4E44-9254F9391E3D}"
EndProject
Project("{FAE04EC0-301F-11D3-BF4B-00C04F79EFBC}") = "Unity.XR.Management.Editor", "Unity.XR.Management.Editor.csproj", "{B3783C57-9F6E-7F39-8EA4-F737B36F5A9A}"
EndProject
Project("{FAE04EC0-301F-11D3-BF4B-00C04F79EFBC}") = "Unity.VSCode.Editor", "Unity.VSCode.Editor.csproj", "{53129346-AC75-A3AD-0814-F3C2E8EE7308}"
EndProject
Project("{FAE04EC0-301F-11D3-BF4B-00C04F79EFBC}") = "Unity.ProBuilder.AssetIdRemapUtility", "Unity.ProBuilder.AssetIdRemapUtility.csproj", "{5E887EB8-744A-19CA-B803-E4D99C80A3D0}"
EndProject
Project("{FAE04EC0-301F-11D3-BF4B-00C04F79EFBC}") = "Assembly-CSharp-Editor", "Assembly-CSharp-Editor.csproj", "{23193A42-D4EA-989F-2507-7FA077A927D9}"
EndProject
Project("{FAE04EC0-301F-11D3-BF4B-00C04F79EFBC}") = "UnityEditor.UI", "UnityEditor.UI.csproj", "{1F9A6F3D-7B20-198A-E795-FAFCA6DBEB4E}"
EndProject
Project("{FAE04EC0-301F-11D3-BF4B-00C04F79EFBC}") = "Unity.Settings.Editor", "Unity.Settings.Editor.csproj", "{004D2BE4-B2F2-AA90-308B-09DDE312AF2B}"
EndProject
Project("{FAE04EC0-301F-11D3-BF4B-00C04F79EFBC}") = "Oculus.VR.Editor", "Oculus.VR.Editor.csproj", "{1A3D6298-6F90-7FED-ED77-ED71D69BF91B}"
EndProject
Project("{FAE04EC0-301F-11D3-BF4B-00C04F79EFBC}") = "UnityEditor.SpatialTracking", "UnityEditor.SpatialTracking.csproj", "{6A76B423-333A-16C1-E936-C6B28E2E233A}"
EndProject
Project("{FAE04EC0-301F-11D3-BF4B-00C04F79EFBC}") = "Unity.Mathematics.Editor", "Unity.Mathematics.Editor.csproj", "{DEC992C3-B53D-C655-2167-28EA8581F983}"
EndProject
Project("{FAE04EC0-301F-11D3-BF4B-00C04F79EFBC}") = "UnityEditor.XR.LegacyInputHelpers", "UnityEditor.XR.LegacyInputHelpers.csproj", "{CBA33643-0EE9-40DD-C5BB-C2CAFD9FB265}"
EndProject
Project("{FAE04EC0-301F-11D3-BF4B-00C04F79EFBC}") = "Oculus.Platform.Editor", "Oculus.Platform.Editor.csproj", "{37CE631E-4CB8-A368-501D-FBFB782A41EE}"
EndProject
Project("{FAE04EC0-301F-11D3-BF4B-00C04F79EFBC}") = "Unity.XR.WindowsMixedReality.Editor", "Unity.XR.WindowsMixedReality.Editor.csproj", "{9D2C117C-498B-E69B-6F1E-32DA1B8901AE}"
EndProject
Project("{FAE04EC0-301F-11D3-BF4B-00C04F79EFBC}") = "Unity.XR.Oculus.Editor", "Unity.XR.Oculus.Editor.csproj", "{F52FC510-AA58-CA4B-91B5-19A9697E56A0}"
EndProject
Project("{FAE04EC0-301F-11D3-BF4B-00C04F79EFBC}") = "Oculus.AudioManager.Audio.Editor", "Oculus.AudioManager.Audio.Editor.csproj", "{138299E8-3208-BA30-A9D6-AC0D8437DF31}"
EndProject
Project("{FAE04EC0-301F-11D3-BF4B-00C04F79EFBC}") = "Oculus.VR.Scripts.Editor", "Oculus.VR.Scripts.Editor.csproj", "{FFA10116-B6C8-F3B1-CFD7-A4F27CBF5E0E}"
EndProject
Project("{FAE04EC0-301F-11D3-BF4B-00C04F79EFBC}") = "Oculus.LipSync.Editor", "Oculus.LipSync.Editor.csproj", "{F17AAD0E-C7CA-DD5F-7C34-30342B01C265}"
EndProject
Project("{FAE04EC0-301F-11D3-BF4B-00C04F79EFBC}") = "Unity.XR.ARSubsystems.Editor", "Unity.XR.ARSubsystems.Editor.csproj", "{C62E7EEE-6349-4DA5-26D7-6067718054D1}"
EndProject
Project("{FAE04EC0-301F-11D3-BF4B-00C04F79EFBC}") = "Unity.XR.OpenXR.Features.RuntimeDebugger.Editor", "Unity.XR.OpenXR.Features.RuntimeDebugger.Editor.csproj", "{BC195F3B-B441-29EE-2C73-21053A7DF114}"
EndProject
Project("{FAE04EC0-301F-11D3-BF4B-00C04F79EFBC}") = "Unity.ShaderGraph.Utilities", "Unity.ShaderGraph.Utilities.csproj", "{C4939D81-7F69-DC63-A510-8E8A8F0008A4}"
EndProject
Project("{FAE04EC0-301F-11D3-BF4B-00C04F79EFBC}") = "Unity.InternalAPIEditorBridge.005", "Unity.InternalAPIEditorBridge.005.csproj", "{7AF397CF-F7D3-8D86-D935-60CB583F97AA}"
EndProject
Project("{FAE04EC0-301F-11D3-BF4B-00C04F79EFBC}") = "Unity.ProBuilder.AddOns.Editor", "Unity.ProBuilder.AddOns.Editor.csproj", "{10E40E0D-92C9-E0CD-3813-88FD16F286E0}"
EndProject
Project("{FAE04EC0-301F-11D3-BF4B-00C04F79EFBC}") = "Oculus.AudioManager.Utils.Editor", "Oculus.AudioManager.Utils.Editor.csproj", "{77DFEC77-5D7F-D07D-FE2C-3AFF80C57141}"
EndProject
Project("{FAE04EC0-301F-11D3-BF4B-00C04F79EFBC}") = "Unity.XR.OpenXR.Features.OculusQuestSupport.Editor", "Unity.XR.OpenXR.Features.OculusQuestSupport.Editor.csproj", "{1A30A1B4-547A-7D47-99C5-B5180049F1B9}"
EndProject
Project("{FAE04EC0-301F-11D3-BF4B-00C04F79EFBC}") = "UnityEngine.UI", "UnityEngine.UI.Player.csproj", "{718121D0-0960-5227-6AF8-8004ECD0FF1D}"
EndProject
Project("{FAE04EC0-301F-11D3-BF4B-00C04F79EFBC}") = "UnityEngine.SpatialTracking", "UnityEngine.SpatialTracking.Player.csproj", "{7C46E3D6-1A10-6AAC-FF38-1E6D16C3115F}"
EndProject
Project("{FAE04EC0-301F-11D3-BF4B-00C04F79EFBC}") = "Oculus.Platform", "Oculus.Platform.Player.csproj", "{E1886907-19E9-4DA3-3101-28395C78FB4A}"
EndProject
Project("{FAE04EC0-301F-11D3-BF4B-00C04F79EFBC}") = "Unity.RenderPipelines.Core.Runtime", "Unity.RenderPipelines.Core.Runtime.Player.csproj", "{AAC5D7E9-EFDA-C999-D1EB-D1857FE72CF5}"
EndProject
Project("{FAE04EC0-301F-11D3-BF4B-00C04F79EFBC}") = "Assembly-CSharp", "Assembly-CSharp.Player.csproj", "{3A0C19C0-61B4-DDD3-6EC9-55F3AB6BEDA6}"
EndProject
Project("{FAE04EC0-301F-11D3-BF4B-00C04F79EFBC}") = "UnityEngine.TestRunner", "UnityEngine.TestRunner.Player.csproj", "{D2ED3097-80D6-51C4-4E79-1299DB8E97FE}"
EndProject
Project("{FAE04EC0-301F-11D3-BF4B-00C04F79EFBC}") = "Unity.Mathematics", "Unity.Mathematics.Player.csproj", "{680C13BC-E77D-D0B8-5577-F461911FF551}"
EndProject
Project("{FAE04EC0-301F-11D3-BF4B-00C04F79EFBC}") = "Unity.InputSystem", "Unity.InputSystem.Player.csproj", "{7AC32982-3BC8-DD5E-8944-7FF93B34824D}"
EndProject
Project("{FAE04EC0-301F-11D3-BF4B-00C04F79EFBC}") = "Unity.XR.ARSubsystems", "Unity.XR.ARSubsystems.Player.csproj", "{74DA5C67-7250-2F47-DB8B-7A3A88946A95}"
EndProject
Project("{FAE04EC0-301F-11D3-BF4B-00C04F79EFBC}") = "Oculus.Spatializer", "Oculus.Spatializer.Player.csproj", "{6E2DB168-902A-9FCC-67B2-CD0FAA1D878F}"
EndProject
Project("{FAE04EC0-301F-11D3-BF4B-00C04F79EFBC}") = "Unity.RenderPipelines.Universal.Runtime", "Unity.RenderPipelines.Universal.Runtime.Player.csproj", "{745AF12F-6C68-ED0D-777C-B7DC22119235}"
EndProject
Project("{FAE04EC0-301F-11D3-BF4B-00C04F79EFBC}") = "UnityEngine.XR.LegacyInputHelpers", "UnityEngine.XR.LegacyInputHelpers.Player.csproj", "{CDEFC04A-4E34-CF5D-F381-F08C27C9741B}"
EndProject
Project("{FAE04EC0-301F-11D3-BF4B-00C04F79EFBC}") = "Unity.XR.Oculus", "Unity.XR.Oculus.Player.csproj", "{643C797F-35A7-BC81-7D17-A649ADCC9076}"
EndProject
Project("{FAE04EC0-301F-11D3-BF4B-00C04F79EFBC}") = "Unity.XR.Interaction.Toolkit", "Unity.XR.Interaction.Toolkit.Player.csproj", "{88A50115-F167-E5CA-111C-5503BA4A8CCF}"
EndProject
Project("{FAE04EC0-301F-11D3-BF4B-00C04F79EFBC}") = "Unity.TextMeshPro", "Unity.TextMeshPro.Player.csproj", "{04947CFC-3527-2ECE-FD6D-0542DB4163EE}"
EndProject
Project("{FAE04EC0-301F-11D3-BF4B-00C04F79EFBC}") = "Unity.ProBuilder.Poly2Tri", "Unity.ProBuilder.Poly2Tri.Player.csproj", "{1380EAA4-DF9A-8670-CC0A-9A750162EEC8}"
EndProject
Project("{FAE04EC0-301F-11D3-BF4B-00C04F79EFBC}") = "Unity.Timeline", "Unity.Timeline.Player.csproj", "{BEC45E52-38CC-46AE-3F13-EC90703986E5}"
EndProject
Project("{FAE04EC0-301F-11D3-BF4B-00C04F79EFBC}") = "Oculus.VR", "Oculus.VR.Player.csproj", "{AD824559-52FB-1C05-6B99-52FBDABCA9FF}"
EndProject
Project("{FAE04EC0-301F-11D3-BF4B-00C04F79EFBC}") = "Unity.ProBuilder", "Unity.ProBuilder.Player.csproj", "{AD92045E-00A0-EB4D-94A9-5EAFF5A5FD05}"
EndProject
Project("{FAE04EC0-301F-11D3-BF4B-00C04F79EFBC}") = "Unity.XR.OpenXR", "Unity.XR.OpenXR.Player.csproj", "{5E322D13-F40B-C060-A1DE-75E666758F6C}"
EndProject
Project("{FAE04EC0-301F-11D3-BF4B-00C04F79EFBC}") = "Oculus.AudioManager", "Oculus.AudioManager.Player.csproj", "{D7CD0957-7F84-45A4-A482-9350E0A66CD3}"
EndProject
Project("{FAE04EC0-301F-11D3-BF4B-00C04F79EFBC}") = "Unity.ProGrids", "Unity.ProGrids.Player.csproj", "{FE0D4C6A-50A3-A80F-DAE5-C906EBAD1DDC}"
EndProject
Project("{FAE04EC0-301F-11D3-BF4B-00C04F79EFBC}") = "Unity.ProBuilder.Csg", "Unity.ProBuilder.Csg.Player.csproj", "{912DA972-0112-81A2-F269-11252157E5E7}"
EndProject
Project("{FAE04EC0-301F-11D3-BF4B-00C04F79EFBC}") = "Unity.XR.OpenXR.Features.MockDriver", "Unity.XR.OpenXR.Features.MockDriver.Player.csproj", "{A9E55C37-B73F-1385-17FD-91D263B52F31}"
EndProject
Project("{FAE04EC0-301F-11D3-BF4B-00C04F79EFBC}") = "Unity.XR.Management", "Unity.XR.Management.Player.csproj", "{550CCDE3-A540-9EEB-6C48-C7569CC559A5}"
EndProject
Project("{FAE04EC0-301F-11D3-BF4B-00C04F79EFBC}") = "Oculus.LipSync", "Oculus.LipSync.Player.csproj", "{56281947-74A2-865D-AE90-BC981B4FC2AD}"
EndProject
Project("{FAE04EC0-301F-11D3-BF4B-00C04F79EFBC}") = "Unity.RenderPipeline.Universal.ShaderLibrary", "Unity.RenderPipeline.Universal.ShaderLibrary.Player.csproj", "{461DB93D-3A75-8F8F-982E-BBF8D409E8B2}"
EndProject
Project("{FAE04EC0-301F-11D3-BF4B-00C04F79EFBC}") = "Unity.XR.InteractionSubsystems", "Unity.XR.InteractionSubsystems.Player.csproj", "{A566B498-D880-64AF-255F-D49FE251D8AE}"
EndProject
Project("{FAE04EC0-301F-11D3-BF4B-00C04F79EFBC}") = "Unity.ProBuilder.KdTree", "Unity.ProBuilder.KdTree.Player.csproj", "{870C226A-5FFF-616A-E5C4-D3085D400B39}"
EndProject
Project("{FAE04EC0-301F-11D3-BF4B-00C04F79EFBC}") = "Unity.RenderPipelines.Core.ShaderLibrary", "Unity.RenderPipelines.Core.ShaderLibrary.Player.csproj", "{45B4540F-C500-15F4-1760-31BC7011B43C}"
EndProject
Project("{FAE04EC0-301F-11D3-BF4B-00C04F79EFBC}") = "Unity.XR.OpenXR.Features.RuntimeDebugger", "Unity.XR.OpenXR.Features.RuntimeDebugger.Player.csproj", "{C1ACAE7B-C1D2-CF23-2B4E-2B63D7E38778}"
EndProject
Project("{FAE04EC0-301F-11D3-BF4B-00C04F79EFBC}") = "Unity.XR.OpenXR.Features.ConformanceAutomation", "Unity.XR.OpenXR.Features.ConformanceAutomation.Player.csproj", "{13EA5372-1725-8E21-6465-B86E7CB7106F}"
EndProject
Project("{FAE04EC0-301F-11D3-BF4B-00C04F79EFBC}") = "Unity.XR.OpenXR.TestHelpers", "Unity.XR.OpenXR.TestHelpers.Player.csproj", "{59FC1209-4C83-0FE7-4C07-79ED1A968E27}"
EndProject
Project("{FAE04EC0-301F-11D3-BF4B-00C04F79EFBC}") = "Unity.ProBuilder.Stl", "Unity.ProBuilder.Stl.Player.csproj", "{36584C37-CCA3-591E-4214-4AB025200036}"
EndProject
Project("{FAE04EC0-301F-11D3-BF4B-00C04F79EFBC}") = "Unity.XR.OpenXR.Features.MockRuntime", "Unity.XR.OpenXR.Features.MockRuntime.Player.csproj", "{8FFCFC75-1707-A9FB-1306-DC64E9B88412}"
EndProject
Project("{FAE04EC0-301F-11D3-BF4B-00C04F79EFBC}") = "Unity.Subsystem.Registration", "Unity.Subsystem.Registration.Player.csproj", "{17C2E374-37B5-9ADF-C7C0-2C6771A13A05}"
EndProject
Project("{FAE04EC0-301F-11D3-BF4B-00C04F79EFBC}") = "Unity.RenderPipelines.Universal.Shaders", "Unity.RenderPipelines.Universal.Shaders.Player.csproj", "{A6792C55-C728-7BA1-D2D1-F1049EDD30CB}"
EndProject
Project("{FAE04EC0-301F-11D3-BF4B-00C04F79EFBC}") = "Unity.RenderPipelines.ShaderGraph.ShaderGraphLibrary", "Unity.RenderPipelines.ShaderGraph.ShaderGraphLibrary.Player.csproj", "{49E63724-46C7-E274-F64D-8B4A3ACE81CA}"
EndProject
Project("{FAE04EC0-301F-11D3-BF4B-00C04F79EFBC}") = "Unity.XR.OpenXR.Features.OculusQuestSupport", "Unity.XR.OpenXR.Features.OculusQuestSupport.Player.csproj", "{011D90E6-B5BC-D7CC-0E5A-F134ACC93A1D}"
EndProject
Global
	GlobalSection(SolutionConfigurationPlatforms) = preSolution
		Debug|Any CPU = Debug|Any CPU
		Release|Any CPU = Release|Any CPU
	EndGlobalSection
	GlobalSection(ProjectConfigurationPlatforms) = postSolution
		{E27ABFA2-1400-B61D-83AE-ACD6E1884338}.Debug|Any CPU.ActiveCfg = Debug|Any CPU
		{E27ABFA2-1400-B61D-83AE-ACD6E1884338}.Debug|Any CPU.Build.0 = Debug|Any CPU
		{E27ABFA2-1400-B61D-83AE-ACD6E1884338}.Release|Any CPU.ActiveCfg = Release|Any CPU
		{E27ABFA2-1400-B61D-83AE-ACD6E1884338}.Release|Any CPU.Build.0 = Release|Any CPU
		{ECD7C2AA-8948-BCE3-A5F2-06BF73FC128A}.Debug|Any CPU.ActiveCfg = Debug|Any CPU
		{ECD7C2AA-8948-BCE3-A5F2-06BF73FC128A}.Debug|Any CPU.Build.0 = Debug|Any CPU
		{ECD7C2AA-8948-BCE3-A5F2-06BF73FC128A}.Release|Any CPU.ActiveCfg = Release|Any CPU
		{ECD7C2AA-8948-BCE3-A5F2-06BF73FC128A}.Release|Any CPU.Build.0 = Release|Any CPU
		{280002D7-A0F5-F27B-AD30-DC6A63DCF92E}.Debug|Any CPU.ActiveCfg = Debug|Any CPU
		{280002D7-A0F5-F27B-AD30-DC6A63DCF92E}.Debug|Any CPU.Build.0 = Debug|Any CPU
		{280002D7-A0F5-F27B-AD30-DC6A63DCF92E}.Release|Any CPU.ActiveCfg = Release|Any CPU
		{280002D7-A0F5-F27B-AD30-DC6A63DCF92E}.Release|Any CPU.Build.0 = Release|Any CPU
		{574A339C-52C5-E80D-2B4A-1009C380C344}.Debug|Any CPU.ActiveCfg = Debug|Any CPU
		{574A339C-52C5-E80D-2B4A-1009C380C344}.Debug|Any CPU.Build.0 = Debug|Any CPU
		{574A339C-52C5-E80D-2B4A-1009C380C344}.Release|Any CPU.ActiveCfg = Release|Any CPU
		{574A339C-52C5-E80D-2B4A-1009C380C344}.Release|Any CPU.Build.0 = Release|Any CPU
		{01520001-A935-64BE-1A09-F039992C73C1}.Debug|Any CPU.ActiveCfg = Debug|Any CPU
		{01520001-A935-64BE-1A09-F039992C73C1}.Debug|Any CPU.Build.0 = Debug|Any CPU
		{01520001-A935-64BE-1A09-F039992C73C1}.Release|Any CPU.ActiveCfg = Release|Any CPU
		{01520001-A935-64BE-1A09-F039992C73C1}.Release|Any CPU.Build.0 = Release|Any CPU
		{FA21EEB6-72C6-ED98-DE7B-753F6A390C42}.Debug|Any CPU.ActiveCfg = Debug|Any CPU
		{FA21EEB6-72C6-ED98-DE7B-753F6A390C42}.Debug|Any CPU.Build.0 = Debug|Any CPU
		{FA21EEB6-72C6-ED98-DE7B-753F6A390C42}.Release|Any CPU.ActiveCfg = Release|Any CPU
		{FA21EEB6-72C6-ED98-DE7B-753F6A390C42}.Release|Any CPU.Build.0 = Release|Any CPU
		{CEFB5032-A376-237A-DB30-1E09BB92BDCE}.Debug|Any CPU.ActiveCfg = Debug|Any CPU
		{CEFB5032-A376-237A-DB30-1E09BB92BDCE}.Debug|Any CPU.Build.0 = Debug|Any CPU
		{CEFB5032-A376-237A-DB30-1E09BB92BDCE}.Release|Any CPU.ActiveCfg = Release|Any CPU
		{CEFB5032-A376-237A-DB30-1E09BB92BDCE}.Release|Any CPU.Build.0 = Release|Any CPU
		{FC3F36C6-9DBC-8CC2-E659-1B78EDBB94A9}.Debug|Any CPU.ActiveCfg = Debug|Any CPU
		{FC3F36C6-9DBC-8CC2-E659-1B78EDBB94A9}.Debug|Any CPU.Build.0 = Debug|Any CPU
		{FC3F36C6-9DBC-8CC2-E659-1B78EDBB94A9}.Release|Any CPU.ActiveCfg = Release|Any CPU
		{FC3F36C6-9DBC-8CC2-E659-1B78EDBB94A9}.Release|Any CPU.Build.0 = Release|Any CPU
		{E0BEF861-9C66-FADA-C927-5F9293E03BD9}.Debug|Any CPU.ActiveCfg = Debug|Any CPU
		{E0BEF861-9C66-FADA-C927-5F9293E03BD9}.Debug|Any CPU.Build.0 = Debug|Any CPU
		{E0BEF861-9C66-FADA-C927-5F9293E03BD9}.Release|Any CPU.ActiveCfg = Release|Any CPU
		{E0BEF861-9C66-FADA-C927-5F9293E03BD9}.Release|Any CPU.Build.0 = Release|Any CPU
		{40D55898-3F31-A846-0966-6F0864D77890}.Debug|Any CPU.ActiveCfg = Debug|Any CPU
		{40D55898-3F31-A846-0966-6F0864D77890}.Debug|Any CPU.Build.0 = Debug|Any CPU
		{40D55898-3F31-A846-0966-6F0864D77890}.Release|Any CPU.ActiveCfg = Release|Any CPU
		{40D55898-3F31-A846-0966-6F0864D77890}.Release|Any CPU.Build.0 = Release|Any CPU
		{34F7D382-5BDC-D595-2080-47B336D2B5C8}.Debug|Any CPU.ActiveCfg = Debug|Any CPU
		{34F7D382-5BDC-D595-2080-47B336D2B5C8}.Debug|Any CPU.Build.0 = Debug|Any CPU
		{34F7D382-5BDC-D595-2080-47B336D2B5C8}.Release|Any CPU.ActiveCfg = Release|Any CPU
		{34F7D382-5BDC-D595-2080-47B336D2B5C8}.Release|Any CPU.Build.0 = Release|Any CPU
		{1751B50A-68C4-306C-6EE4-8AC010ACC6DB}.Debug|Any CPU.ActiveCfg = Debug|Any CPU
		{1751B50A-68C4-306C-6EE4-8AC010ACC6DB}.Debug|Any CPU.Build.0 = Debug|Any CPU
		{1751B50A-68C4-306C-6EE4-8AC010ACC6DB}.Release|Any CPU.ActiveCfg = Release|Any CPU
		{1751B50A-68C4-306C-6EE4-8AC010ACC6DB}.Release|Any CPU.Build.0 = Release|Any CPU
		{4D7A7B11-CD42-7C23-0DEF-D34E105E1F92}.Debug|Any CPU.ActiveCfg = Debug|Any CPU
		{4D7A7B11-CD42-7C23-0DEF-D34E105E1F92}.Debug|Any CPU.Build.0 = Debug|Any CPU
		{4D7A7B11-CD42-7C23-0DEF-D34E105E1F92}.Release|Any CPU.ActiveCfg = Release|Any CPU
		{4D7A7B11-CD42-7C23-0DEF-D34E105E1F92}.Release|Any CPU.Build.0 = Release|Any CPU
		{A794303E-0DA7-4205-1546-A4733DFEE871}.Debug|Any CPU.ActiveCfg = Debug|Any CPU
		{A794303E-0DA7-4205-1546-A4733DFEE871}.Debug|Any CPU.Build.0 = Debug|Any CPU
		{A794303E-0DA7-4205-1546-A4733DFEE871}.Release|Any CPU.ActiveCfg = Release|Any CPU
		{A794303E-0DA7-4205-1546-A4733DFEE871}.Release|Any CPU.Build.0 = Release|Any CPU
		{35547524-7CD6-006B-73BC-413137AA5F18}.Debug|Any CPU.ActiveCfg = Debug|Any CPU
		{35547524-7CD6-006B-73BC-413137AA5F18}.Debug|Any CPU.Build.0 = Debug|Any CPU
		{35547524-7CD6-006B-73BC-413137AA5F18}.Release|Any CPU.ActiveCfg = Release|Any CPU
		{35547524-7CD6-006B-73BC-413137AA5F18}.Release|Any CPU.Build.0 = Release|Any CPU
		{1CFB3C99-4500-C1DE-FDBD-7EFB6E9339AF}.Debug|Any CPU.ActiveCfg = Debug|Any CPU
		{1CFB3C99-4500-C1DE-FDBD-7EFB6E9339AF}.Debug|Any CPU.Build.0 = Debug|Any CPU
		{1CFB3C99-4500-C1DE-FDBD-7EFB6E9339AF}.Release|Any CPU.ActiveCfg = Release|Any CPU
		{1CFB3C99-4500-C1DE-FDBD-7EFB6E9339AF}.Release|Any CPU.Build.0 = Release|Any CPU
		{DB7FBA68-B93D-7944-19CB-64638DBC342D}.Debug|Any CPU.ActiveCfg = Debug|Any CPU
		{DB7FBA68-B93D-7944-19CB-64638DBC342D}.Debug|Any CPU.Build.0 = Debug|Any CPU
		{DB7FBA68-B93D-7944-19CB-64638DBC342D}.Release|Any CPU.ActiveCfg = Release|Any CPU
		{DB7FBA68-B93D-7944-19CB-64638DBC342D}.Release|Any CPU.Build.0 = Release|Any CPU
		{1517FC99-A093-9A36-3543-F656BA822C4C}.Debug|Any CPU.ActiveCfg = Debug|Any CPU
		{1517FC99-A093-9A36-3543-F656BA822C4C}.Debug|Any CPU.Build.0 = Debug|Any CPU
		{1517FC99-A093-9A36-3543-F656BA822C4C}.Release|Any CPU.ActiveCfg = Release|Any CPU
		{1517FC99-A093-9A36-3543-F656BA822C4C}.Release|Any CPU.Build.0 = Release|Any CPU
		{82E15B05-0CAC-4D90-330C-77AF120B26E9}.Debug|Any CPU.ActiveCfg = Debug|Any CPU
		{82E15B05-0CAC-4D90-330C-77AF120B26E9}.Debug|Any CPU.Build.0 = Debug|Any CPU
		{82E15B05-0CAC-4D90-330C-77AF120B26E9}.Release|Any CPU.ActiveCfg = Release|Any CPU
		{82E15B05-0CAC-4D90-330C-77AF120B26E9}.Release|Any CPU.Build.0 = Release|Any CPU
		{4E50031C-2EB5-45FA-DEBA-BBB36E6F8BE2}.Debug|Any CPU.ActiveCfg = Debug|Any CPU
		{4E50031C-2EB5-45FA-DEBA-BBB36E6F8BE2}.Debug|Any CPU.Build.0 = Debug|Any CPU
		{4E50031C-2EB5-45FA-DEBA-BBB36E6F8BE2}.Release|Any CPU.ActiveCfg = Release|Any CPU
		{4E50031C-2EB5-45FA-DEBA-BBB36E6F8BE2}.Release|Any CPU.Build.0 = Release|Any CPU
		{2F9C02AC-B05B-8B03-DAB9-9B67EDBF4514}.Debug|Any CPU.ActiveCfg = Debug|Any CPU
		{2F9C02AC-B05B-8B03-DAB9-9B67EDBF4514}.Debug|Any CPU.Build.0 = Debug|Any CPU
		{2F9C02AC-B05B-8B03-DAB9-9B67EDBF4514}.Release|Any CPU.ActiveCfg = Release|Any CPU
		{2F9C02AC-B05B-8B03-DAB9-9B67EDBF4514}.Release|Any CPU.Build.0 = Release|Any CPU
		{80C9E87C-3AE3-4139-7494-EB4603247C7D}.Debug|Any CPU.ActiveCfg = Debug|Any CPU
		{80C9E87C-3AE3-4139-7494-EB4603247C7D}.Debug|Any CPU.Build.0 = Debug|Any CPU
		{80C9E87C-3AE3-4139-7494-EB4603247C7D}.Release|Any CPU.ActiveCfg = Release|Any CPU
		{80C9E87C-3AE3-4139-7494-EB4603247C7D}.Release|Any CPU.Build.0 = Release|Any CPU
		{FAC78420-4753-66CB-E678-34DD871899B0}.Debug|Any CPU.ActiveCfg = Debug|Any CPU
		{FAC78420-4753-66CB-E678-34DD871899B0}.Debug|Any CPU.Build.0 = Debug|Any CPU
		{FAC78420-4753-66CB-E678-34DD871899B0}.Release|Any CPU.ActiveCfg = Release|Any CPU
		{FAC78420-4753-66CB-E678-34DD871899B0}.Release|Any CPU.Build.0 = Release|Any CPU
		{FD77A703-62C6-5A16-CEA2-0A23E84F73CC}.Debug|Any CPU.ActiveCfg = Debug|Any CPU
		{FD77A703-62C6-5A16-CEA2-0A23E84F73CC}.Debug|Any CPU.Build.0 = Debug|Any CPU
		{FD77A703-62C6-5A16-CEA2-0A23E84F73CC}.Release|Any CPU.ActiveCfg = Release|Any CPU
		{FD77A703-62C6-5A16-CEA2-0A23E84F73CC}.Release|Any CPU.Build.0 = Release|Any CPU
		{6D9ADB06-2745-FDC9-67DB-1D01CD657A26}.Debug|Any CPU.ActiveCfg = Debug|Any CPU
		{6D9ADB06-2745-FDC9-67DB-1D01CD657A26}.Debug|Any CPU.Build.0 = Debug|Any CPU
		{6D9ADB06-2745-FDC9-67DB-1D01CD657A26}.Release|Any CPU.ActiveCfg = Release|Any CPU
		{6D9ADB06-2745-FDC9-67DB-1D01CD657A26}.Release|Any CPU.Build.0 = Release|Any CPU
		{88F77B90-A8F0-34D4-4A9D-7885D3BCD953}.Debug|Any CPU.ActiveCfg = Debug|Any CPU
		{88F77B90-A8F0-34D4-4A9D-7885D3BCD953}.Debug|Any CPU.Build.0 = Debug|Any CPU
		{88F77B90-A8F0-34D4-4A9D-7885D3BCD953}.Release|Any CPU.ActiveCfg = Release|Any CPU
		{88F77B90-A8F0-34D4-4A9D-7885D3BCD953}.Release|Any CPU.Build.0 = Release|Any CPU
		{A61A4EE7-A491-0868-F6B5-BA0C883EC513}.Debug|Any CPU.ActiveCfg = Debug|Any CPU
		{A61A4EE7-A491-0868-F6B5-BA0C883EC513}.Debug|Any CPU.Build.0 = Debug|Any CPU
		{A61A4EE7-A491-0868-F6B5-BA0C883EC513}.Release|Any CPU.ActiveCfg = Release|Any CPU
		{A61A4EE7-A491-0868-F6B5-BA0C883EC513}.Release|Any CPU.Build.0 = Release|Any CPU
		{7D529311-F0D6-5874-B46F-3E543052E6B4}.Debug|Any CPU.ActiveCfg = Debug|Any CPU
		{7D529311-F0D6-5874-B46F-3E543052E6B4}.Debug|Any CPU.Build.0 = Debug|Any CPU
		{7D529311-F0D6-5874-B46F-3E543052E6B4}.Release|Any CPU.ActiveCfg = Release|Any CPU
		{7D529311-F0D6-5874-B46F-3E543052E6B4}.Release|Any CPU.Build.0 = Release|Any CPU
		{BCAE57A6-6122-D416-BF15-C64C8FAA6A98}.Debug|Any CPU.ActiveCfg = Debug|Any CPU
		{BCAE57A6-6122-D416-BF15-C64C8FAA6A98}.Debug|Any CPU.Build.0 = Debug|Any CPU
		{BCAE57A6-6122-D416-BF15-C64C8FAA6A98}.Release|Any CPU.ActiveCfg = Release|Any CPU
		{BCAE57A6-6122-D416-BF15-C64C8FAA6A98}.Release|Any CPU.Build.0 = Release|Any CPU
		{9ECE061A-2547-A6EF-963E-973DBA071A83}.Debug|Any CPU.ActiveCfg = Debug|Any CPU
		{9ECE061A-2547-A6EF-963E-973DBA071A83}.Debug|Any CPU.Build.0 = Debug|Any CPU
		{9ECE061A-2547-A6EF-963E-973DBA071A83}.Release|Any CPU.ActiveCfg = Release|Any CPU
		{9ECE061A-2547-A6EF-963E-973DBA071A83}.Release|Any CPU.Build.0 = Release|Any CPU
		{80C99F22-5D3A-1712-EAB4-48764CF57DC3}.Debug|Any CPU.ActiveCfg = Debug|Any CPU
		{80C99F22-5D3A-1712-EAB4-48764CF57DC3}.Debug|Any CPU.Build.0 = Debug|Any CPU
		{80C99F22-5D3A-1712-EAB4-48764CF57DC3}.Release|Any CPU.ActiveCfg = Release|Any CPU
		{80C99F22-5D3A-1712-EAB4-48764CF57DC3}.Release|Any CPU.Build.0 = Release|Any CPU
		{D175CD26-C852-347A-A2FC-C79B0F110BC3}.Debug|Any CPU.ActiveCfg = Debug|Any CPU
		{D175CD26-C852-347A-A2FC-C79B0F110BC3}.Debug|Any CPU.Build.0 = Debug|Any CPU
		{D175CD26-C852-347A-A2FC-C79B0F110BC3}.Release|Any CPU.ActiveCfg = Release|Any CPU
		{D175CD26-C852-347A-A2FC-C79B0F110BC3}.Release|Any CPU.Build.0 = Release|Any CPU
		{541AC48C-50F8-C748-50E5-2D3857B3DB7C}.Debug|Any CPU.ActiveCfg = Debug|Any CPU
		{541AC48C-50F8-C748-50E5-2D3857B3DB7C}.Debug|Any CPU.Build.0 = Debug|Any CPU
		{541AC48C-50F8-C748-50E5-2D3857B3DB7C}.Release|Any CPU.ActiveCfg = Release|Any CPU
		{541AC48C-50F8-C748-50E5-2D3857B3DB7C}.Release|Any CPU.Build.0 = Release|Any CPU
		{0514BDF9-C27A-3156-6479-B1136CB7053A}.Debug|Any CPU.ActiveCfg = Debug|Any CPU
		{0514BDF9-C27A-3156-6479-B1136CB7053A}.Debug|Any CPU.Build.0 = Debug|Any CPU
		{0514BDF9-C27A-3156-6479-B1136CB7053A}.Release|Any CPU.ActiveCfg = Release|Any CPU
		{0514BDF9-C27A-3156-6479-B1136CB7053A}.Release|Any CPU.Build.0 = Release|Any CPU
		{E821AF2D-9F03-C14B-8810-FED48A98BB16}.Debug|Any CPU.ActiveCfg = Debug|Any CPU
		{E821AF2D-9F03-C14B-8810-FED48A98BB16}.Debug|Any CPU.Build.0 = Debug|Any CPU
		{E821AF2D-9F03-C14B-8810-FED48A98BB16}.Release|Any CPU.ActiveCfg = Release|Any CPU
		{E821AF2D-9F03-C14B-8810-FED48A98BB16}.Release|Any CPU.Build.0 = Release|Any CPU
		{F58FAA19-D9B2-3C6E-50FD-207F8739C0A9}.Debug|Any CPU.ActiveCfg = Debug|Any CPU
		{F58FAA19-D9B2-3C6E-50FD-207F8739C0A9}.Debug|Any CPU.Build.0 = Debug|Any CPU
		{F58FAA19-D9B2-3C6E-50FD-207F8739C0A9}.Release|Any CPU.ActiveCfg = Release|Any CPU
		{F58FAA19-D9B2-3C6E-50FD-207F8739C0A9}.Release|Any CPU.Build.0 = Release|Any CPU
		{3DDFA92A-E2BE-BE12-4B81-108DD8547BA4}.Debug|Any CPU.ActiveCfg = Debug|Any CPU
		{3DDFA92A-E2BE-BE12-4B81-108DD8547BA4}.Debug|Any CPU.Build.0 = Debug|Any CPU
		{3DDFA92A-E2BE-BE12-4B81-108DD8547BA4}.Release|Any CPU.ActiveCfg = Release|Any CPU
		{3DDFA92A-E2BE-BE12-4B81-108DD8547BA4}.Release|Any CPU.Build.0 = Release|Any CPU
		{5ED9CDA5-2C7C-12DB-FB84-8F6EB9A2FDC4}.Debug|Any CPU.ActiveCfg = Debug|Any CPU
		{5ED9CDA5-2C7C-12DB-FB84-8F6EB9A2FDC4}.Debug|Any CPU.Build.0 = Debug|Any CPU
		{5ED9CDA5-2C7C-12DB-FB84-8F6EB9A2FDC4}.Release|Any CPU.ActiveCfg = Release|Any CPU
		{5ED9CDA5-2C7C-12DB-FB84-8F6EB9A2FDC4}.Release|Any CPU.Build.0 = Release|Any CPU
		{61CC2C09-ACB3-E8BA-2F39-B98EFECFABE2}.Debug|Any CPU.ActiveCfg = Debug|Any CPU
		{61CC2C09-ACB3-E8BA-2F39-B98EFECFABE2}.Debug|Any CPU.Build.0 = Debug|Any CPU
		{61CC2C09-ACB3-E8BA-2F39-B98EFECFABE2}.Release|Any CPU.ActiveCfg = Release|Any CPU
		{61CC2C09-ACB3-E8BA-2F39-B98EFECFABE2}.Release|Any CPU.Build.0 = Release|Any CPU
		{225D3665-9111-300D-E295-200A87670510}.Debug|Any CPU.ActiveCfg = Debug|Any CPU
		{225D3665-9111-300D-E295-200A87670510}.Debug|Any CPU.Build.0 = Debug|Any CPU
		{225D3665-9111-300D-E295-200A87670510}.Release|Any CPU.ActiveCfg = Release|Any CPU
		{225D3665-9111-300D-E295-200A87670510}.Release|Any CPU.Build.0 = Release|Any CPU
		{3A710C67-BD35-3FD4-C4C0-C83308CB940A}.Debug|Any CPU.ActiveCfg = Debug|Any CPU
		{3A710C67-BD35-3FD4-C4C0-C83308CB940A}.Debug|Any CPU.Build.0 = Debug|Any CPU
		{3A710C67-BD35-3FD4-C4C0-C83308CB940A}.Release|Any CPU.ActiveCfg = Release|Any CPU
		{3A710C67-BD35-3FD4-C4C0-C83308CB940A}.Release|Any CPU.Build.0 = Release|Any CPU
		{30CAE229-4690-4924-742D-F65626683C6C}.Debug|Any CPU.ActiveCfg = Debug|Any CPU
		{30CAE229-4690-4924-742D-F65626683C6C}.Debug|Any CPU.Build.0 = Debug|Any CPU
		{30CAE229-4690-4924-742D-F65626683C6C}.Release|Any CPU.ActiveCfg = Release|Any CPU
		{30CAE229-4690-4924-742D-F65626683C6C}.Release|Any CPU.Build.0 = Release|Any CPU
		{06927CCE-FB62-00CD-145B-76A3BB76F210}.Debug|Any CPU.ActiveCfg = Debug|Any CPU
		{06927CCE-FB62-00CD-145B-76A3BB76F210}.Debug|Any CPU.Build.0 = Debug|Any CPU
		{06927CCE-FB62-00CD-145B-76A3BB76F210}.Release|Any CPU.ActiveCfg = Release|Any CPU
		{06927CCE-FB62-00CD-145B-76A3BB76F210}.Release|Any CPU.Build.0 = Release|Any CPU
		{85EB1D15-A899-8315-27DC-94148DB33E7E}.Debug|Any CPU.ActiveCfg = Debug|Any CPU
		{85EB1D15-A899-8315-27DC-94148DB33E7E}.Debug|Any CPU.Build.0 = Debug|Any CPU
		{85EB1D15-A899-8315-27DC-94148DB33E7E}.Release|Any CPU.ActiveCfg = Release|Any CPU
		{85EB1D15-A899-8315-27DC-94148DB33E7E}.Release|Any CPU.Build.0 = Release|Any CPU
		{CAC7BB2D-AE43-A276-86CA-533CF7C7035F}.Debug|Any CPU.ActiveCfg = Debug|Any CPU
		{CAC7BB2D-AE43-A276-86CA-533CF7C7035F}.Debug|Any CPU.Build.0 = Debug|Any CPU
		{CAC7BB2D-AE43-A276-86CA-533CF7C7035F}.Release|Any CPU.ActiveCfg = Release|Any CPU
		{CAC7BB2D-AE43-A276-86CA-533CF7C7035F}.Release|Any CPU.Build.0 = Release|Any CPU
		{1A15A48E-ABEE-5BCF-1B3A-1A76CFDA5E11}.Debug|Any CPU.ActiveCfg = Debug|Any CPU
		{1A15A48E-ABEE-5BCF-1B3A-1A76CFDA5E11}.Debug|Any CPU.Build.0 = Debug|Any CPU
		{1A15A48E-ABEE-5BCF-1B3A-1A76CFDA5E11}.Release|Any CPU.ActiveCfg = Release|Any CPU
		{1A15A48E-ABEE-5BCF-1B3A-1A76CFDA5E11}.Release|Any CPU.Build.0 = Release|Any CPU
		{CF22297A-7023-4D4A-2296-26FE75C42B51}.Debug|Any CPU.ActiveCfg = Debug|Any CPU
		{CF22297A-7023-4D4A-2296-26FE75C42B51}.Debug|Any CPU.Build.0 = Debug|Any CPU
		{CF22297A-7023-4D4A-2296-26FE75C42B51}.Release|Any CPU.ActiveCfg = Release|Any CPU
		{CF22297A-7023-4D4A-2296-26FE75C42B51}.Release|Any CPU.Build.0 = Release|Any CPU
		{3E81FC65-B0D1-698D-3004-8BBE7465B3AB}.Debug|Any CPU.ActiveCfg = Debug|Any CPU
		{3E81FC65-B0D1-698D-3004-8BBE7465B3AB}.Debug|Any CPU.Build.0 = Debug|Any CPU
		{3E81FC65-B0D1-698D-3004-8BBE7465B3AB}.Release|Any CPU.ActiveCfg = Release|Any CPU
		{3E81FC65-B0D1-698D-3004-8BBE7465B3AB}.Release|Any CPU.Build.0 = Release|Any CPU
		{656D7109-9048-7CA6-42C5-CB8FD68A5C36}.Debug|Any CPU.ActiveCfg = Debug|Any CPU
		{656D7109-9048-7CA6-42C5-CB8FD68A5C36}.Debug|Any CPU.Build.0 = Debug|Any CPU
		{656D7109-9048-7CA6-42C5-CB8FD68A5C36}.Release|Any CPU.ActiveCfg = Release|Any CPU
		{656D7109-9048-7CA6-42C5-CB8FD68A5C36}.Release|Any CPU.Build.0 = Release|Any CPU
		{21F2922F-BFD8-D429-41D4-7C7EEE830B25}.Debug|Any CPU.ActiveCfg = Debug|Any CPU
		{21F2922F-BFD8-D429-41D4-7C7EEE830B25}.Debug|Any CPU.Build.0 = Debug|Any CPU
		{21F2922F-BFD8-D429-41D4-7C7EEE830B25}.Release|Any CPU.ActiveCfg = Release|Any CPU
		{21F2922F-BFD8-D429-41D4-7C7EEE830B25}.Release|Any CPU.Build.0 = Release|Any CPU
		{E6F359FC-EBD1-1E1D-A12F-6655800BA766}.Debug|Any CPU.ActiveCfg = Debug|Any CPU
		{E6F359FC-EBD1-1E1D-A12F-6655800BA766}.Debug|Any CPU.Build.0 = Debug|Any CPU
		{E6F359FC-EBD1-1E1D-A12F-6655800BA766}.Release|Any CPU.ActiveCfg = Release|Any CPU
		{E6F359FC-EBD1-1E1D-A12F-6655800BA766}.Release|Any CPU.Build.0 = Release|Any CPU
		{0B05E9B5-936B-6779-1ECE-56E1F59E12C2}.Debug|Any CPU.ActiveCfg = Debug|Any CPU
		{0B05E9B5-936B-6779-1ECE-56E1F59E12C2}.Debug|Any CPU.Build.0 = Debug|Any CPU
		{0B05E9B5-936B-6779-1ECE-56E1F59E12C2}.Release|Any CPU.ActiveCfg = Release|Any CPU
		{0B05E9B5-936B-6779-1ECE-56E1F59E12C2}.Release|Any CPU.Build.0 = Release|Any CPU
		{D9942B69-5417-A6CF-CF81-49E315D3FDEF}.Debug|Any CPU.ActiveCfg = Debug|Any CPU
		{D9942B69-5417-A6CF-CF81-49E315D3FDEF}.Debug|Any CPU.Build.0 = Debug|Any CPU
		{D9942B69-5417-A6CF-CF81-49E315D3FDEF}.Release|Any CPU.ActiveCfg = Release|Any CPU
		{D9942B69-5417-A6CF-CF81-49E315D3FDEF}.Release|Any CPU.Build.0 = Release|Any CPU
		{28C3D5C0-938C-DEA7-7C98-D70EE973821D}.Debug|Any CPU.ActiveCfg = Debug|Any CPU
		{28C3D5C0-938C-DEA7-7C98-D70EE973821D}.Debug|Any CPU.Build.0 = Debug|Any CPU
		{28C3D5C0-938C-DEA7-7C98-D70EE973821D}.Release|Any CPU.ActiveCfg = Release|Any CPU
		{28C3D5C0-938C-DEA7-7C98-D70EE973821D}.Release|Any CPU.Build.0 = Release|Any CPU
		{76C212CB-BF67-B4D9-73C1-B366C0EA311C}.Debug|Any CPU.ActiveCfg = Debug|Any CPU
		{76C212CB-BF67-B4D9-73C1-B366C0EA311C}.Debug|Any CPU.Build.0 = Debug|Any CPU
		{76C212CB-BF67-B4D9-73C1-B366C0EA311C}.Release|Any CPU.ActiveCfg = Release|Any CPU
		{76C212CB-BF67-B4D9-73C1-B366C0EA311C}.Release|Any CPU.Build.0 = Release|Any CPU
		{7D48DC7F-5CF8-8895-4E44-9254F9391E3D}.Debug|Any CPU.ActiveCfg = Debug|Any CPU
		{7D48DC7F-5CF8-8895-4E44-9254F9391E3D}.Debug|Any CPU.Build.0 = Debug|Any CPU
		{7D48DC7F-5CF8-8895-4E44-9254F9391E3D}.Release|Any CPU.ActiveCfg = Release|Any CPU
		{7D48DC7F-5CF8-8895-4E44-9254F9391E3D}.Release|Any CPU.Build.0 = Release|Any CPU
		{B3783C57-9F6E-7F39-8EA4-F737B36F5A9A}.Debug|Any CPU.ActiveCfg = Debug|Any CPU
		{B3783C57-9F6E-7F39-8EA4-F737B36F5A9A}.Debug|Any CPU.Build.0 = Debug|Any CPU
		{B3783C57-9F6E-7F39-8EA4-F737B36F5A9A}.Release|Any CPU.ActiveCfg = Release|Any CPU
		{B3783C57-9F6E-7F39-8EA4-F737B36F5A9A}.Release|Any CPU.Build.0 = Release|Any CPU
		{53129346-AC75-A3AD-0814-F3C2E8EE7308}.Debug|Any CPU.ActiveCfg = Debug|Any CPU
		{53129346-AC75-A3AD-0814-F3C2E8EE7308}.Debug|Any CPU.Build.0 = Debug|Any CPU
		{53129346-AC75-A3AD-0814-F3C2E8EE7308}.Release|Any CPU.ActiveCfg = Release|Any CPU
		{53129346-AC75-A3AD-0814-F3C2E8EE7308}.Release|Any CPU.Build.0 = Release|Any CPU
		{5E887EB8-744A-19CA-B803-E4D99C80A3D0}.Debug|Any CPU.ActiveCfg = Debug|Any CPU
		{5E887EB8-744A-19CA-B803-E4D99C80A3D0}.Debug|Any CPU.Build.0 = Debug|Any CPU
		{5E887EB8-744A-19CA-B803-E4D99C80A3D0}.Release|Any CPU.ActiveCfg = Release|Any CPU
		{5E887EB8-744A-19CA-B803-E4D99C80A3D0}.Release|Any CPU.Build.0 = Release|Any CPU
		{23193A42-D4EA-989F-2507-7FA077A927D9}.Debug|Any CPU.ActiveCfg = Debug|Any CPU
		{23193A42-D4EA-989F-2507-7FA077A927D9}.Debug|Any CPU.Build.0 = Debug|Any CPU
		{23193A42-D4EA-989F-2507-7FA077A927D9}.Release|Any CPU.ActiveCfg = Release|Any CPU
		{23193A42-D4EA-989F-2507-7FA077A927D9}.Release|Any CPU.Build.0 = Release|Any CPU
		{1F9A6F3D-7B20-198A-E795-FAFCA6DBEB4E}.Debug|Any CPU.ActiveCfg = Debug|Any CPU
		{1F9A6F3D-7B20-198A-E795-FAFCA6DBEB4E}.Debug|Any CPU.Build.0 = Debug|Any CPU
		{1F9A6F3D-7B20-198A-E795-FAFCA6DBEB4E}.Release|Any CPU.ActiveCfg = Release|Any CPU
		{1F9A6F3D-7B20-198A-E795-FAFCA6DBEB4E}.Release|Any CPU.Build.0 = Release|Any CPU
		{004D2BE4-B2F2-AA90-308B-09DDE312AF2B}.Debug|Any CPU.ActiveCfg = Debug|Any CPU
		{004D2BE4-B2F2-AA90-308B-09DDE312AF2B}.Debug|Any CPU.Build.0 = Debug|Any CPU
		{004D2BE4-B2F2-AA90-308B-09DDE312AF2B}.Release|Any CPU.ActiveCfg = Release|Any CPU
		{004D2BE4-B2F2-AA90-308B-09DDE312AF2B}.Release|Any CPU.Build.0 = Release|Any CPU
		{1A3D6298-6F90-7FED-ED77-ED71D69BF91B}.Debug|Any CPU.ActiveCfg = Debug|Any CPU
		{1A3D6298-6F90-7FED-ED77-ED71D69BF91B}.Debug|Any CPU.Build.0 = Debug|Any CPU
		{1A3D6298-6F90-7FED-ED77-ED71D69BF91B}.Release|Any CPU.ActiveCfg = Release|Any CPU
		{1A3D6298-6F90-7FED-ED77-ED71D69BF91B}.Release|Any CPU.Build.0 = Release|Any CPU
		{6A76B423-333A-16C1-E936-C6B28E2E233A}.Debug|Any CPU.ActiveCfg = Debug|Any CPU
		{6A76B423-333A-16C1-E936-C6B28E2E233A}.Debug|Any CPU.Build.0 = Debug|Any CPU
		{6A76B423-333A-16C1-E936-C6B28E2E233A}.Release|Any CPU.ActiveCfg = Release|Any CPU
		{6A76B423-333A-16C1-E936-C6B28E2E233A}.Release|Any CPU.Build.0 = Release|Any CPU
		{DEC992C3-B53D-C655-2167-28EA8581F983}.Debug|Any CPU.ActiveCfg = Debug|Any CPU
		{DEC992C3-B53D-C655-2167-28EA8581F983}.Debug|Any CPU.Build.0 = Debug|Any CPU
		{DEC992C3-B53D-C655-2167-28EA8581F983}.Release|Any CPU.ActiveCfg = Release|Any CPU
		{DEC992C3-B53D-C655-2167-28EA8581F983}.Release|Any CPU.Build.0 = Release|Any CPU
		{CBA33643-0EE9-40DD-C5BB-C2CAFD9FB265}.Debug|Any CPU.ActiveCfg = Debug|Any CPU
		{CBA33643-0EE9-40DD-C5BB-C2CAFD9FB265}.Debug|Any CPU.Build.0 = Debug|Any CPU
		{CBA33643-0EE9-40DD-C5BB-C2CAFD9FB265}.Release|Any CPU.ActiveCfg = Release|Any CPU
		{CBA33643-0EE9-40DD-C5BB-C2CAFD9FB265}.Release|Any CPU.Build.0 = Release|Any CPU
		{37CE631E-4CB8-A368-501D-FBFB782A41EE}.Debug|Any CPU.ActiveCfg = Debug|Any CPU
		{37CE631E-4CB8-A368-501D-FBFB782A41EE}.Debug|Any CPU.Build.0 = Debug|Any CPU
		{37CE631E-4CB8-A368-501D-FBFB782A41EE}.Release|Any CPU.ActiveCfg = Release|Any CPU
		{37CE631E-4CB8-A368-501D-FBFB782A41EE}.Release|Any CPU.Build.0 = Release|Any CPU
		{9D2C117C-498B-E69B-6F1E-32DA1B8901AE}.Debug|Any CPU.ActiveCfg = Debug|Any CPU
		{9D2C117C-498B-E69B-6F1E-32DA1B8901AE}.Debug|Any CPU.Build.0 = Debug|Any CPU
		{9D2C117C-498B-E69B-6F1E-32DA1B8901AE}.Release|Any CPU.ActiveCfg = Release|Any CPU
		{9D2C117C-498B-E69B-6F1E-32DA1B8901AE}.Release|Any CPU.Build.0 = Release|Any CPU
		{F52FC510-AA58-CA4B-91B5-19A9697E56A0}.Debug|Any CPU.ActiveCfg = Debug|Any CPU
		{F52FC510-AA58-CA4B-91B5-19A9697E56A0}.Debug|Any CPU.Build.0 = Debug|Any CPU
		{F52FC510-AA58-CA4B-91B5-19A9697E56A0}.Release|Any CPU.ActiveCfg = Release|Any CPU
		{F52FC510-AA58-CA4B-91B5-19A9697E56A0}.Release|Any CPU.Build.0 = Release|Any CPU
		{138299E8-3208-BA30-A9D6-AC0D8437DF31}.Debug|Any CPU.ActiveCfg = Debug|Any CPU
		{138299E8-3208-BA30-A9D6-AC0D8437DF31}.Debug|Any CPU.Build.0 = Debug|Any CPU
		{138299E8-3208-BA30-A9D6-AC0D8437DF31}.Release|Any CPU.ActiveCfg = Release|Any CPU
		{138299E8-3208-BA30-A9D6-AC0D8437DF31}.Release|Any CPU.Build.0 = Release|Any CPU
		{FFA10116-B6C8-F3B1-CFD7-A4F27CBF5E0E}.Debug|Any CPU.ActiveCfg = Debug|Any CPU
		{FFA10116-B6C8-F3B1-CFD7-A4F27CBF5E0E}.Debug|Any CPU.Build.0 = Debug|Any CPU
		{FFA10116-B6C8-F3B1-CFD7-A4F27CBF5E0E}.Release|Any CPU.ActiveCfg = Release|Any CPU
		{FFA10116-B6C8-F3B1-CFD7-A4F27CBF5E0E}.Release|Any CPU.Build.0 = Release|Any CPU
		{F17AAD0E-C7CA-DD5F-7C34-30342B01C265}.Debug|Any CPU.ActiveCfg = Debug|Any CPU
		{F17AAD0E-C7CA-DD5F-7C34-30342B01C265}.Debug|Any CPU.Build.0 = Debug|Any CPU
		{F17AAD0E-C7CA-DD5F-7C34-30342B01C265}.Release|Any CPU.ActiveCfg = Release|Any CPU
		{F17AAD0E-C7CA-DD5F-7C34-30342B01C265}.Release|Any CPU.Build.0 = Release|Any CPU
		{C62E7EEE-6349-4DA5-26D7-6067718054D1}.Debug|Any CPU.ActiveCfg = Debug|Any CPU
		{C62E7EEE-6349-4DA5-26D7-6067718054D1}.Debug|Any CPU.Build.0 = Debug|Any CPU
		{C62E7EEE-6349-4DA5-26D7-6067718054D1}.Release|Any CPU.ActiveCfg = Release|Any CPU
		{C62E7EEE-6349-4DA5-26D7-6067718054D1}.Release|Any CPU.Build.0 = Release|Any CPU
		{BC195F3B-B441-29EE-2C73-21053A7DF114}.Debug|Any CPU.ActiveCfg = Debug|Any CPU
		{BC195F3B-B441-29EE-2C73-21053A7DF114}.Debug|Any CPU.Build.0 = Debug|Any CPU
		{BC195F3B-B441-29EE-2C73-21053A7DF114}.Release|Any CPU.ActiveCfg = Release|Any CPU
		{BC195F3B-B441-29EE-2C73-21053A7DF114}.Release|Any CPU.Build.0 = Release|Any CPU
		{C4939D81-7F69-DC63-A510-8E8A8F0008A4}.Debug|Any CPU.ActiveCfg = Debug|Any CPU
		{C4939D81-7F69-DC63-A510-8E8A8F0008A4}.Debug|Any CPU.Build.0 = Debug|Any CPU
		{C4939D81-7F69-DC63-A510-8E8A8F0008A4}.Release|Any CPU.ActiveCfg = Release|Any CPU
		{C4939D81-7F69-DC63-A510-8E8A8F0008A4}.Release|Any CPU.Build.0 = Release|Any CPU
		{7AF397CF-F7D3-8D86-D935-60CB583F97AA}.Debug|Any CPU.ActiveCfg = Debug|Any CPU
		{7AF397CF-F7D3-8D86-D935-60CB583F97AA}.Debug|Any CPU.Build.0 = Debug|Any CPU
		{7AF397CF-F7D3-8D86-D935-60CB583F97AA}.Release|Any CPU.ActiveCfg = Release|Any CPU
		{7AF397CF-F7D3-8D86-D935-60CB583F97AA}.Release|Any CPU.Build.0 = Release|Any CPU
		{10E40E0D-92C9-E0CD-3813-88FD16F286E0}.Debug|Any CPU.ActiveCfg = Debug|Any CPU
		{10E40E0D-92C9-E0CD-3813-88FD16F286E0}.Debug|Any CPU.Build.0 = Debug|Any CPU
		{10E40E0D-92C9-E0CD-3813-88FD16F286E0}.Release|Any CPU.ActiveCfg = Release|Any CPU
		{10E40E0D-92C9-E0CD-3813-88FD16F286E0}.Release|Any CPU.Build.0 = Release|Any CPU
		{77DFEC77-5D7F-D07D-FE2C-3AFF80C57141}.Debug|Any CPU.ActiveCfg = Debug|Any CPU
		{77DFEC77-5D7F-D07D-FE2C-3AFF80C57141}.Debug|Any CPU.Build.0 = Debug|Any CPU
		{77DFEC77-5D7F-D07D-FE2C-3AFF80C57141}.Release|Any CPU.ActiveCfg = Release|Any CPU
		{77DFEC77-5D7F-D07D-FE2C-3AFF80C57141}.Release|Any CPU.Build.0 = Release|Any CPU
		{1A30A1B4-547A-7D47-99C5-B5180049F1B9}.Debug|Any CPU.ActiveCfg = Debug|Any CPU
		{1A30A1B4-547A-7D47-99C5-B5180049F1B9}.Debug|Any CPU.Build.0 = Debug|Any CPU
		{1A30A1B4-547A-7D47-99C5-B5180049F1B9}.Release|Any CPU.ActiveCfg = Release|Any CPU
		{1A30A1B4-547A-7D47-99C5-B5180049F1B9}.Release|Any CPU.Build.0 = Release|Any CPU
		{718121D0-0960-5227-6AF8-8004ECD0FF1D}.Debug|Any CPU.ActiveCfg = Debug|Any CPU
		{718121D0-0960-5227-6AF8-8004ECD0FF1D}.Debug|Any CPU.Build.0 = Debug|Any CPU
		{718121D0-0960-5227-6AF8-8004ECD0FF1D}.Release|Any CPU.ActiveCfg = Release|Any CPU
		{718121D0-0960-5227-6AF8-8004ECD0FF1D}.Release|Any CPU.Build.0 = Release|Any CPU
		{7C46E3D6-1A10-6AAC-FF38-1E6D16C3115F}.Debug|Any CPU.ActiveCfg = Debug|Any CPU
		{7C46E3D6-1A10-6AAC-FF38-1E6D16C3115F}.Debug|Any CPU.Build.0 = Debug|Any CPU
		{7C46E3D6-1A10-6AAC-FF38-1E6D16C3115F}.Release|Any CPU.ActiveCfg = Release|Any CPU
		{7C46E3D6-1A10-6AAC-FF38-1E6D16C3115F}.Release|Any CPU.Build.0 = Release|Any CPU
		{E1886907-19E9-4DA3-3101-28395C78FB4A}.Debug|Any CPU.ActiveCfg = Debug|Any CPU
		{E1886907-19E9-4DA3-3101-28395C78FB4A}.Debug|Any CPU.Build.0 = Debug|Any CPU
		{E1886907-19E9-4DA3-3101-28395C78FB4A}.Release|Any CPU.ActiveCfg = Release|Any CPU
		{E1886907-19E9-4DA3-3101-28395C78FB4A}.Release|Any CPU.Build.0 = Release|Any CPU
		{AAC5D7E9-EFDA-C999-D1EB-D1857FE72CF5}.Debug|Any CPU.ActiveCfg = Debug|Any CPU
		{AAC5D7E9-EFDA-C999-D1EB-D1857FE72CF5}.Debug|Any CPU.Build.0 = Debug|Any CPU
		{AAC5D7E9-EFDA-C999-D1EB-D1857FE72CF5}.Release|Any CPU.ActiveCfg = Release|Any CPU
		{AAC5D7E9-EFDA-C999-D1EB-D1857FE72CF5}.Release|Any CPU.Build.0 = Release|Any CPU
		{3A0C19C0-61B4-DDD3-6EC9-55F3AB6BEDA6}.Debug|Any CPU.ActiveCfg = Debug|Any CPU
		{3A0C19C0-61B4-DDD3-6EC9-55F3AB6BEDA6}.Debug|Any CPU.Build.0 = Debug|Any CPU
		{3A0C19C0-61B4-DDD3-6EC9-55F3AB6BEDA6}.Release|Any CPU.ActiveCfg = Release|Any CPU
		{3A0C19C0-61B4-DDD3-6EC9-55F3AB6BEDA6}.Release|Any CPU.Build.0 = Release|Any CPU
		{D2ED3097-80D6-51C4-4E79-1299DB8E97FE}.Debug|Any CPU.ActiveCfg = Debug|Any CPU
		{D2ED3097-80D6-51C4-4E79-1299DB8E97FE}.Debug|Any CPU.Build.0 = Debug|Any CPU
		{D2ED3097-80D6-51C4-4E79-1299DB8E97FE}.Release|Any CPU.ActiveCfg = Release|Any CPU
		{D2ED3097-80D6-51C4-4E79-1299DB8E97FE}.Release|Any CPU.Build.0 = Release|Any CPU
		{680C13BC-E77D-D0B8-5577-F461911FF551}.Debug|Any CPU.ActiveCfg = Debug|Any CPU
		{680C13BC-E77D-D0B8-5577-F461911FF551}.Debug|Any CPU.Build.0 = Debug|Any CPU
		{680C13BC-E77D-D0B8-5577-F461911FF551}.Release|Any CPU.ActiveCfg = Release|Any CPU
		{680C13BC-E77D-D0B8-5577-F461911FF551}.Release|Any CPU.Build.0 = Release|Any CPU
		{7AC32982-3BC8-DD5E-8944-7FF93B34824D}.Debug|Any CPU.ActiveCfg = Debug|Any CPU
		{7AC32982-3BC8-DD5E-8944-7FF93B34824D}.Debug|Any CPU.Build.0 = Debug|Any CPU
		{7AC32982-3BC8-DD5E-8944-7FF93B34824D}.Release|Any CPU.ActiveCfg = Release|Any CPU
		{7AC32982-3BC8-DD5E-8944-7FF93B34824D}.Release|Any CPU.Build.0 = Release|Any CPU
		{74DA5C67-7250-2F47-DB8B-7A3A88946A95}.Debug|Any CPU.ActiveCfg = Debug|Any CPU
		{74DA5C67-7250-2F47-DB8B-7A3A88946A95}.Debug|Any CPU.Build.0 = Debug|Any CPU
		{74DA5C67-7250-2F47-DB8B-7A3A88946A95}.Release|Any CPU.ActiveCfg = Release|Any CPU
		{74DA5C67-7250-2F47-DB8B-7A3A88946A95}.Release|Any CPU.Build.0 = Release|Any CPU
		{6E2DB168-902A-9FCC-67B2-CD0FAA1D878F}.Debug|Any CPU.ActiveCfg = Debug|Any CPU
		{6E2DB168-902A-9FCC-67B2-CD0FAA1D878F}.Debug|Any CPU.Build.0 = Debug|Any CPU
		{6E2DB168-902A-9FCC-67B2-CD0FAA1D878F}.Release|Any CPU.ActiveCfg = Release|Any CPU
		{6E2DB168-902A-9FCC-67B2-CD0FAA1D878F}.Release|Any CPU.Build.0 = Release|Any CPU
		{745AF12F-6C68-ED0D-777C-B7DC22119235}.Debug|Any CPU.ActiveCfg = Debug|Any CPU
		{745AF12F-6C68-ED0D-777C-B7DC22119235}.Debug|Any CPU.Build.0 = Debug|Any CPU
		{745AF12F-6C68-ED0D-777C-B7DC22119235}.Release|Any CPU.ActiveCfg = Release|Any CPU
		{745AF12F-6C68-ED0D-777C-B7DC22119235}.Release|Any CPU.Build.0 = Release|Any CPU
		{CDEFC04A-4E34-CF5D-F381-F08C27C9741B}.Debug|Any CPU.ActiveCfg = Debug|Any CPU
		{CDEFC04A-4E34-CF5D-F381-F08C27C9741B}.Debug|Any CPU.Build.0 = Debug|Any CPU
		{CDEFC04A-4E34-CF5D-F381-F08C27C9741B}.Release|Any CPU.ActiveCfg = Release|Any CPU
		{CDEFC04A-4E34-CF5D-F381-F08C27C9741B}.Release|Any CPU.Build.0 = Release|Any CPU
		{643C797F-35A7-BC81-7D17-A649ADCC9076}.Debug|Any CPU.ActiveCfg = Debug|Any CPU
		{643C797F-35A7-BC81-7D17-A649ADCC9076}.Debug|Any CPU.Build.0 = Debug|Any CPU
		{643C797F-35A7-BC81-7D17-A649ADCC9076}.Release|Any CPU.ActiveCfg = Release|Any CPU
		{643C797F-35A7-BC81-7D17-A649ADCC9076}.Release|Any CPU.Build.0 = Release|Any CPU
		{88A50115-F167-E5CA-111C-5503BA4A8CCF}.Debug|Any CPU.ActiveCfg = Debug|Any CPU
		{88A50115-F167-E5CA-111C-5503BA4A8CCF}.Debug|Any CPU.Build.0 = Debug|Any CPU
		{88A50115-F167-E5CA-111C-5503BA4A8CCF}.Release|Any CPU.ActiveCfg = Release|Any CPU
		{88A50115-F167-E5CA-111C-5503BA4A8CCF}.Release|Any CPU.Build.0 = Release|Any CPU
		{04947CFC-3527-2ECE-FD6D-0542DB4163EE}.Debug|Any CPU.ActiveCfg = Debug|Any CPU
		{04947CFC-3527-2ECE-FD6D-0542DB4163EE}.Debug|Any CPU.Build.0 = Debug|Any CPU
		{04947CFC-3527-2ECE-FD6D-0542DB4163EE}.Release|Any CPU.ActiveCfg = Release|Any CPU
		{04947CFC-3527-2ECE-FD6D-0542DB4163EE}.Release|Any CPU.Build.0 = Release|Any CPU
		{1380EAA4-DF9A-8670-CC0A-9A750162EEC8}.Debug|Any CPU.ActiveCfg = Debug|Any CPU
		{1380EAA4-DF9A-8670-CC0A-9A750162EEC8}.Debug|Any CPU.Build.0 = Debug|Any CPU
		{1380EAA4-DF9A-8670-CC0A-9A750162EEC8}.Release|Any CPU.ActiveCfg = Release|Any CPU
		{1380EAA4-DF9A-8670-CC0A-9A750162EEC8}.Release|Any CPU.Build.0 = Release|Any CPU
		{BEC45E52-38CC-46AE-3F13-EC90703986E5}.Debug|Any CPU.ActiveCfg = Debug|Any CPU
		{BEC45E52-38CC-46AE-3F13-EC90703986E5}.Debug|Any CPU.Build.0 = Debug|Any CPU
		{BEC45E52-38CC-46AE-3F13-EC90703986E5}.Release|Any CPU.ActiveCfg = Release|Any CPU
		{BEC45E52-38CC-46AE-3F13-EC90703986E5}.Release|Any CPU.Build.0 = Release|Any CPU
		{AD824559-52FB-1C05-6B99-52FBDABCA9FF}.Debug|Any CPU.ActiveCfg = Debug|Any CPU
		{AD824559-52FB-1C05-6B99-52FBDABCA9FF}.Debug|Any CPU.Build.0 = Debug|Any CPU
		{AD824559-52FB-1C05-6B99-52FBDABCA9FF}.Release|Any CPU.ActiveCfg = Release|Any CPU
		{AD824559-52FB-1C05-6B99-52FBDABCA9FF}.Release|Any CPU.Build.0 = Release|Any CPU
		{AD92045E-00A0-EB4D-94A9-5EAFF5A5FD05}.Debug|Any CPU.ActiveCfg = Debug|Any CPU
		{AD92045E-00A0-EB4D-94A9-5EAFF5A5FD05}.Debug|Any CPU.Build.0 = Debug|Any CPU
		{AD92045E-00A0-EB4D-94A9-5EAFF5A5FD05}.Release|Any CPU.ActiveCfg = Release|Any CPU
		{AD92045E-00A0-EB4D-94A9-5EAFF5A5FD05}.Release|Any CPU.Build.0 = Release|Any CPU
		{5E322D13-F40B-C060-A1DE-75E666758F6C}.Debug|Any CPU.ActiveCfg = Debug|Any CPU
		{5E322D13-F40B-C060-A1DE-75E666758F6C}.Debug|Any CPU.Build.0 = Debug|Any CPU
		{5E322D13-F40B-C060-A1DE-75E666758F6C}.Release|Any CPU.ActiveCfg = Release|Any CPU
		{5E322D13-F40B-C060-A1DE-75E666758F6C}.Release|Any CPU.Build.0 = Release|Any CPU
		{D7CD0957-7F84-45A4-A482-9350E0A66CD3}.Debug|Any CPU.ActiveCfg = Debug|Any CPU
		{D7CD0957-7F84-45A4-A482-9350E0A66CD3}.Debug|Any CPU.Build.0 = Debug|Any CPU
		{D7CD0957-7F84-45A4-A482-9350E0A66CD3}.Release|Any CPU.ActiveCfg = Release|Any CPU
		{D7CD0957-7F84-45A4-A482-9350E0A66CD3}.Release|Any CPU.Build.0 = Release|Any CPU
		{FE0D4C6A-50A3-A80F-DAE5-C906EBAD1DDC}.Debug|Any CPU.ActiveCfg = Debug|Any CPU
		{FE0D4C6A-50A3-A80F-DAE5-C906EBAD1DDC}.Debug|Any CPU.Build.0 = Debug|Any CPU
		{FE0D4C6A-50A3-A80F-DAE5-C906EBAD1DDC}.Release|Any CPU.ActiveCfg = Release|Any CPU
		{FE0D4C6A-50A3-A80F-DAE5-C906EBAD1DDC}.Release|Any CPU.Build.0 = Release|Any CPU
		{912DA972-0112-81A2-F269-11252157E5E7}.Debug|Any CPU.ActiveCfg = Debug|Any CPU
		{912DA972-0112-81A2-F269-11252157E5E7}.Debug|Any CPU.Build.0 = Debug|Any CPU
		{912DA972-0112-81A2-F269-11252157E5E7}.Release|Any CPU.ActiveCfg = Release|Any CPU
		{912DA972-0112-81A2-F269-11252157E5E7}.Release|Any CPU.Build.0 = Release|Any CPU
		{A9E55C37-B73F-1385-17FD-91D263B52F31}.Debug|Any CPU.ActiveCfg = Debug|Any CPU
		{A9E55C37-B73F-1385-17FD-91D263B52F31}.Debug|Any CPU.Build.0 = Debug|Any CPU
		{A9E55C37-B73F-1385-17FD-91D263B52F31}.Release|Any CPU.ActiveCfg = Release|Any CPU
		{A9E55C37-B73F-1385-17FD-91D263B52F31}.Release|Any CPU.Build.0 = Release|Any CPU
		{550CCDE3-A540-9EEB-6C48-C7569CC559A5}.Debug|Any CPU.ActiveCfg = Debug|Any CPU
		{550CCDE3-A540-9EEB-6C48-C7569CC559A5}.Debug|Any CPU.Build.0 = Debug|Any CPU
		{550CCDE3-A540-9EEB-6C48-C7569CC559A5}.Release|Any CPU.ActiveCfg = Release|Any CPU
		{550CCDE3-A540-9EEB-6C48-C7569CC559A5}.Release|Any CPU.Build.0 = Release|Any CPU
		{56281947-74A2-865D-AE90-BC981B4FC2AD}.Debug|Any CPU.ActiveCfg = Debug|Any CPU
		{56281947-74A2-865D-AE90-BC981B4FC2AD}.Debug|Any CPU.Build.0 = Debug|Any CPU
		{56281947-74A2-865D-AE90-BC981B4FC2AD}.Release|Any CPU.ActiveCfg = Release|Any CPU
		{56281947-74A2-865D-AE90-BC981B4FC2AD}.Release|Any CPU.Build.0 = Release|Any CPU
		{461DB93D-3A75-8F8F-982E-BBF8D409E8B2}.Debug|Any CPU.ActiveCfg = Debug|Any CPU
		{461DB93D-3A75-8F8F-982E-BBF8D409E8B2}.Debug|Any CPU.Build.0 = Debug|Any CPU
		{461DB93D-3A75-8F8F-982E-BBF8D409E8B2}.Release|Any CPU.ActiveCfg = Release|Any CPU
		{461DB93D-3A75-8F8F-982E-BBF8D409E8B2}.Release|Any CPU.Build.0 = Release|Any CPU
		{A566B498-D880-64AF-255F-D49FE251D8AE}.Debug|Any CPU.ActiveCfg = Debug|Any CPU
		{A566B498-D880-64AF-255F-D49FE251D8AE}.Debug|Any CPU.Build.0 = Debug|Any CPU
		{A566B498-D880-64AF-255F-D49FE251D8AE}.Release|Any CPU.ActiveCfg = Release|Any CPU
		{A566B498-D880-64AF-255F-D49FE251D8AE}.Release|Any CPU.Build.0 = Release|Any CPU
		{870C226A-5FFF-616A-E5C4-D3085D400B39}.Debug|Any CPU.ActiveCfg = Debug|Any CPU
		{870C226A-5FFF-616A-E5C4-D3085D400B39}.Debug|Any CPU.Build.0 = Debug|Any CPU
		{870C226A-5FFF-616A-E5C4-D3085D400B39}.Release|Any CPU.ActiveCfg = Release|Any CPU
		{870C226A-5FFF-616A-E5C4-D3085D400B39}.Release|Any CPU.Build.0 = Release|Any CPU
		{45B4540F-C500-15F4-1760-31BC7011B43C}.Debug|Any CPU.ActiveCfg = Debug|Any CPU
		{45B4540F-C500-15F4-1760-31BC7011B43C}.Debug|Any CPU.Build.0 = Debug|Any CPU
		{45B4540F-C500-15F4-1760-31BC7011B43C}.Release|Any CPU.ActiveCfg = Release|Any CPU
		{45B4540F-C500-15F4-1760-31BC7011B43C}.Release|Any CPU.Build.0 = Release|Any CPU
		{C1ACAE7B-C1D2-CF23-2B4E-2B63D7E38778}.Debug|Any CPU.ActiveCfg = Debug|Any CPU
		{C1ACAE7B-C1D2-CF23-2B4E-2B63D7E38778}.Debug|Any CPU.Build.0 = Debug|Any CPU
		{C1ACAE7B-C1D2-CF23-2B4E-2B63D7E38778}.Release|Any CPU.ActiveCfg = Release|Any CPU
		{C1ACAE7B-C1D2-CF23-2B4E-2B63D7E38778}.Release|Any CPU.Build.0 = Release|Any CPU
		{13EA5372-1725-8E21-6465-B86E7CB7106F}.Debug|Any CPU.ActiveCfg = Debug|Any CPU
		{13EA5372-1725-8E21-6465-B86E7CB7106F}.Debug|Any CPU.Build.0 = Debug|Any CPU
		{13EA5372-1725-8E21-6465-B86E7CB7106F}.Release|Any CPU.ActiveCfg = Release|Any CPU
		{13EA5372-1725-8E21-6465-B86E7CB7106F}.Release|Any CPU.Build.0 = Release|Any CPU
		{59FC1209-4C83-0FE7-4C07-79ED1A968E27}.Debug|Any CPU.ActiveCfg = Debug|Any CPU
		{59FC1209-4C83-0FE7-4C07-79ED1A968E27}.Debug|Any CPU.Build.0 = Debug|Any CPU
		{59FC1209-4C83-0FE7-4C07-79ED1A968E27}.Release|Any CPU.ActiveCfg = Release|Any CPU
		{59FC1209-4C83-0FE7-4C07-79ED1A968E27}.Release|Any CPU.Build.0 = Release|Any CPU
		{36584C37-CCA3-591E-4214-4AB025200036}.Debug|Any CPU.ActiveCfg = Debug|Any CPU
		{36584C37-CCA3-591E-4214-4AB025200036}.Debug|Any CPU.Build.0 = Debug|Any CPU
		{36584C37-CCA3-591E-4214-4AB025200036}.Release|Any CPU.ActiveCfg = Release|Any CPU
		{36584C37-CCA3-591E-4214-4AB025200036}.Release|Any CPU.Build.0 = Release|Any CPU
		{8FFCFC75-1707-A9FB-1306-DC64E9B88412}.Debug|Any CPU.ActiveCfg = Debug|Any CPU
		{8FFCFC75-1707-A9FB-1306-DC64E9B88412}.Debug|Any CPU.Build.0 = Debug|Any CPU
		{8FFCFC75-1707-A9FB-1306-DC64E9B88412}.Release|Any CPU.ActiveCfg = Release|Any CPU
		{8FFCFC75-1707-A9FB-1306-DC64E9B88412}.Release|Any CPU.Build.0 = Release|Any CPU
		{17C2E374-37B5-9ADF-C7C0-2C6771A13A05}.Debug|Any CPU.ActiveCfg = Debug|Any CPU
		{17C2E374-37B5-9ADF-C7C0-2C6771A13A05}.Debug|Any CPU.Build.0 = Debug|Any CPU
		{17C2E374-37B5-9ADF-C7C0-2C6771A13A05}.Release|Any CPU.ActiveCfg = Release|Any CPU
		{17C2E374-37B5-9ADF-C7C0-2C6771A13A05}.Release|Any CPU.Build.0 = Release|Any CPU
		{A6792C55-C728-7BA1-D2D1-F1049EDD30CB}.Debug|Any CPU.ActiveCfg = Debug|Any CPU
		{A6792C55-C728-7BA1-D2D1-F1049EDD30CB}.Debug|Any CPU.Build.0 = Debug|Any CPU
		{A6792C55-C728-7BA1-D2D1-F1049EDD30CB}.Release|Any CPU.ActiveCfg = Release|Any CPU
		{A6792C55-C728-7BA1-D2D1-F1049EDD30CB}.Release|Any CPU.Build.0 = Release|Any CPU
		{49E63724-46C7-E274-F64D-8B4A3ACE81CA}.Debug|Any CPU.ActiveCfg = Debug|Any CPU
		{49E63724-46C7-E274-F64D-8B4A3ACE81CA}.Debug|Any CPU.Build.0 = Debug|Any CPU
		{49E63724-46C7-E274-F64D-8B4A3ACE81CA}.Release|Any CPU.ActiveCfg = Release|Any CPU
		{49E63724-46C7-E274-F64D-8B4A3ACE81CA}.Release|Any CPU.Build.0 = Release|Any CPU
		{011D90E6-B5BC-D7CC-0E5A-F134ACC93A1D}.Debug|Any CPU.ActiveCfg = Debug|Any CPU
		{011D90E6-B5BC-D7CC-0E5A-F134ACC93A1D}.Debug|Any CPU.Build.0 = Debug|Any CPU
		{011D90E6-B5BC-D7CC-0E5A-F134ACC93A1D}.Release|Any CPU.ActiveCfg = Release|Any CPU
		{011D90E6-B5BC-D7CC-0E5A-F134ACC93A1D}.Release|Any CPU.Build.0 = Release|Any CPU
	EndGlobalSection
	GlobalSection(SolutionProperties) = preSolution
		HideSolutionNode = FALSE
	EndGlobalSection
EndGlobal
